
Microsoft Visual Studio Solution File, Format Version 12.00
# Visual Studio Version 17
VisualStudioVersion = 17.7.34024.191
MinimumVisualStudioVersion = 10.0.40219.1
Project("{FAE04EC0-301F-11D3-BF4B-00C04F79EFBC}") = "AppConsoleLivres", "AppConsoleLivres\AppConsoleLivres.csproj", "{0150CE4C-71A6-41A7-8E1D-C90471357D2A}"
EndProject
Global
	GlobalSection(SolutionConfigurationPlatforms) = preSolution
		Debug|Any CPU = Debug|Any CPU
		Release|Any CPU = Release|Any CPU
	EndGlobalSection
	GlobalSection(ProjectConfigurationPlatforms) = postSolution
		{0150CE4C-71A6-41A7-8E1D-C90471357D2A}.Debug|Any CPU.ActiveCfg = Debug|Any CPU
		{0150CE4C-71A6-41A7-8E1D-C90471357D2A}.Debug|Any CPU.Build.0 = Debug|Any CPU
		{0150CE4C-71A6-41A7-8E1D-C90471357D2A}.Release|Any CPU.ActiveCfg = Release|Any CPU
		{0150CE4C-71A6-41A7-8E1D-C90471357D2A}.Release|Any CPU.Build.0 = Release|Any CPU
	EndGlobalSection
	GlobalSection(SolutionProperties) = preSolution
		HideSolutionNode = FALSE
	EndGlobalSection
	GlobalSection(ExtensibilityGlobals) = postSolution
		SolutionGuid = {D7E838DA-2880-4083-BF35-819B678E3036}
	EndGlobalSection
EndGlobal
